
Microsoft Visual Studio Solution File, Format Version 11.00
# Visual Studio 2010
Project("{FAE04EC0-301F-11D3-BF4B-00C04F79EFBC}") = "Piwik.Analytics", "Piwik.Analytics\Piwik.Analytics.csproj", "{9CB00A98-C662-4151-B7CD-BF9CE2F8D9CF}"
EndProject
Global
	GlobalSection(SolutionConfigurationPlatforms) = preSolution
		Debug|Any CPU = Debug|Any CPU
		Release|Any CPU = Release|Any CPU
	EndGlobalSection
	GlobalSection(ProjectConfigurationPlatforms) = postSolution
		{9CB00A98-C662-4151-B7CD-BF9CE2F8D9CF}.Debug|Any CPU.ActiveCfg = Debug|Any CPU
		{9CB00A98-C662-4151-B7CD-BF9CE2F8D9CF}.Debug|Any CPU.Build.0 = Debug|Any CPU
		{9CB00A98-C662-4151-B7CD-BF9CE2F8D9CF}.Release|Any CPU.ActiveCfg = Release|Any CPU
		{9CB00A98-C662-4151-B7CD-BF9CE2F8D9CF}.Release|Any CPU.Build.0 = Release|Any CPU
	EndGlobalSection
	GlobalSection(SolutionProperties) = preSolution
		HideSolutionNode = FALSE
	EndGlobalSection
EndGlobal
